{
  "nodes": {
    "arkos-sysroot": {
      "flake": false,
      "locked": {
        "lastModified": 1787339014,
        "narHash": "sha256-vdc15JmtewgOwZPk8PfWZzM+t19P6YlRfe2Jp02+ycg=",
        "owner": "grumnix",
        "repo": "arkos-sysroot",
        "rev": "3d2a98fe2fdff123fe4c6c7c7e9f6c0150c99a1c",
        "type": "github"
      },
      "original": {
        "owner": "grumnix",
        "repo": "arkos-sysroot",
        "type": "github"
      }
    },
    "dualthrust": {
      "inputs": {
        "arkos-sysroot": "arkos-sysroot",
        "nixpkgs": [
          "nixpkgs"
        ],
        "sdl2-src": "sdl2-src"
      },
      "locked": {
        "lastModified": 1791462581,
        "narHash": "sha256-WjCuAZkZ2ZWdkWv4alKOa3YGDpIUAW9SFyQcQGHJ1P0=",
        "ref": "refs/heads/master",
        "rev": "6d7cd358fe467c0f5fb81e3724d6eba4944575e2",
        "revCount": 63,
        "type": "git",
        "url": "https://github.com/Grumbel/dualthrust"
      },
      "original": {
        "type": "git",
        "url": "https://github.com/Grumbel/dualthrust"
      }
    },
    "flake-utils": {
      "inputs": {
        "systems": "systems"
      },
      "locked": {
        "lastModified": 1731533236,
        "narHash": "sha256-l0KFg5HjrsfsO/JpG+r7fRrqm12kzFHyUHqHCVpMMbI=",
        "owner": "numtide",
        "repo": "flake-utils",
        "rev": "11707dc2f618dd54ca8739b309ec4fc024de578b",
        "type": "github"
      },
      "original": {
        "owner": "numtide",
        "repo": "flake-utils",
        "type": "github"
      }
    },
    "nixpkgs": {
      "locked": {
        "lastModified": 1791260994,
        "narHash": "sha256-Miqqk/ammqnTUxaoCyvtwoPeLbI1ksFyLxi/CazZpWY=",
        "owner": "NixOS",
        "repo": "nixpkgs",
        "rev": "151fa4e8ddfdd8dd25d945ad94ed54a13de9f6e4",
        "type": "github"
      },
      "original": {
        "owner": "NixOS",
        "ref": "nixos-unstable",
        "repo": "nixpkgs",
        "type": "github"
      }
    },
    "root": {
      "inputs": {
        "dualthrust": "dualthrust",
        "flake-utils": "flake-utils",
        "nixpkgs": "nixpkgs"
      }
    },
    "sdl2-src": {
      "flake": false,
      "locked": {
        "lastModified": 1714580206,
        "narHash": "sha256-49TNuKx5ec+rEK49rKjqrKStQzuhk8zdu8mRe/amUBk=",
        "type": "tarball",
        "url": "https://github.com/libsdl-org/SDL/releases/download/release-2.30.3/SDL2-2.30.3.tar.gz"
      },
      "original": {
        "type": "tarball",
        "url": "https://github.com/libsdl-org/SDL/releases/download/release-2.30.3/SDL2-2.30.3.tar.gz"
      }
    },
    "systems": {
      "locked": {
        "lastModified": 1681028828,
        "narHash": "sha256-Vy1rq5AaRuLzOxct8nz4T6wlgyUR7zLU309k9mBC768=",
        "owner": "nix-systems",
        "repo": "default",
        "rev": "da67096a3b9bf56a91d16901293e51ba5b49a27e",
        "type": "github"
      },
      "original": {
        "owner": "nix-systems",
        "repo": "default",
        "type": "github"
      }
    }
  },
  "root": "root",
  "version": 7
}
